
Microsoft Visual Studio Solution File, Format Version 12.00
# Visual Studio Version 17
VisualStudioVersion = 17.0.31903.59
MinimumVisualStudioVersion = 10.0.40219.1
Project("{2150E333-8FDC-42A3-9474-1A3956D46DE8}") = "src", "src", "{827E0CD3-B72D-47B6-A68D-7590B98EB39B}"
EndProject
Project("{FAE04EC0-301F-11D3-BF4B-00C04F79EFBC}") = "Phrazie.Desktop", "src\Phrazie.Desktop\Phrazie.Desktop.csproj", "{A29EC397-27BB-4E0C-8D7A-EC492F68C87F}"
EndProject
Project("{FAE04EC0-301F-11D3-BF4B-00C04F79EFBC}") = "Phrazie.Core", "src\Phrazie.Core\Phrazie.Core.csproj", "{C40F203D-E444-4889-A921-5D645CE8F2A2}"
EndProject
Project("{FAE04EC0-301F-11D3-BF4B-00C04F79EFBC}") = "Phrazie.Data", "src\Phrazie.Data\Phrazie.Data.csproj", "{FDF3EA6B-E3C2-43E1-9585-6B2BEA3C5563}"
EndProject
Project("{FAE04EC0-301F-11D3-BF4B-00C04F79EFBC}") = "Phrazie.Engine", "src\Phrazie.Engine\Phrazie.Engine.csproj", "{E5B3C4D5-F6A7-4891-BCDE-F12345678902}"
EndProject
Global
	GlobalSection(SolutionConfigurationPlatforms) = preSolution
		Debug|Any CPU = Debug|Any CPU
		Debug|x64 = Debug|x64
		Debug|x86 = Debug|x86
		Release|Any CPU = Release|Any CPU
		Release|x64 = Release|x64
		Release|x86 = Release|x86
	EndGlobalSection
	GlobalSection(ProjectConfigurationPlatforms) = postSolution
		{A29EC397-27BB-4E0C-8D7A-EC492F68C87F}.Debug|Any CPU.ActiveCfg = Debug|Any CPU
		{A29EC397-27BB-4E0C-8D7A-EC492F68C87F}.Debug|Any CPU.Build.0 = Debug|Any CPU
		{A29EC397-27BB-4E0C-8D7A-EC492F68C87F}.Debug|x64.ActiveCfg = Debug|Any CPU
		{A29EC397-27BB-4E0C-8D7A-EC492F68C87F}.Debug|x64.Build.0 = Debug|Any CPU
		{A29EC397-27BB-4E0C-8D7A-EC492F68C87F}.Debug|x86.ActiveCfg = Debug|Any CPU
		{A29EC397-27BB-4E0C-8D7A-EC492F68C87F}.Debug|x86.Build.0 = Debug|Any CPU
		{A29EC397-27BB-4E0C-8D7A-EC492F68C87F}.Release|Any CPU.ActiveCfg = Release|Any CPU
		{A29EC397-27BB-4E0C-8D7A-EC492F68C87F}.Release|Any CPU.Build.0 = Release|Any CPU
		{A29EC397-27BB-4E0C-8D7A-EC492F68C87F}.Release|x64.ActiveCfg = Release|Any CPU
		{A29EC397-27BB-4E0C-8D7A-EC492F68C87F}.Release|x64.Build.0 = Release|Any CPU
		{A29EC397-27BB-4E0C-8D7A-EC492F68C87F}.Release|x86.ActiveCfg = Release|Any CPU
		{A29EC397-27BB-4E0C-8D7A-EC492F68C87F}.Release|x86.Build.0 = Release|Any CPU
		{C40F203D-E444-4889-A921-5D645CE8F2A2}.Debug|Any CPU.ActiveCfg = Debug|Any CPU
		{C40F203D-E444-4889-A921-5D645CE8F2A2}.Debug|Any CPU.Build.0 = Debug|Any CPU
		{C40F203D-E444-4889-A921-5D645CE8F2A2}.Debug|x64.ActiveCfg = Debug|Any CPU
		{C40F203D-E444-4889-A921-5D645CE8F2A2}.Debug|x64.Build.0 = Debug|Any CPU
		{C40F203D-E444-4889-A921-5D645CE8F2A2}.Debug|x86.ActiveCfg = Debug|Any CPU
		{C40F203D-E444-4889-A921-5D645CE8F2A2}.Debug|x86.Build.0 = Debug|Any CPU
		{C40F203D-E444-4889-A921-5D645CE8F2A2}.Release|Any CPU.ActiveCfg = Release|Any CPU
		{C40F203D-E444-4889-A921-5D645CE8F2A2}.Release|Any CPU.Build.0 = Release|Any CPU
		{C40F203D-E444-4889-A921-5D645CE8F2A2}.Release|x64.ActiveCfg = Release|Any CPU
		{C40F203D-E444-4889-A921-5D645CE8F2A2}.Release|x64.Build.0 = Release|Any CPU
		{C40F203D-E444-4889-A921-5D645CE8F2A2}.Release|x86.ActiveCfg = Release|Any CPU
		{C40F203D-E444-4889-A921-5D645CE8F2A2}.Release|x86.Build.0 = Release|Any CPU
		{FDF3EA6B-E3C2-43E1-9585-6B2BEA3C5563}.Debug|Any CPU.ActiveCfg = Debug|Any CPU
		{FDF3EA6B-E3C2-43E1-9585-6B2BEA3C5563}.Debug|Any CPU.Build.0 = Debug|Any CPU
		{FDF3EA6B-E3C2-43E1-9585-6B2BEA3C5563}.Debug|x64.ActiveCfg = Debug|Any CPU
		{FDF3EA6B-E3C2-43E1-9585-6B2BEA3C5563}.Debug|x64.Build.0 = Debug|Any CPU
		{FDF3EA6B-E3C2-43E1-9585-6B2BEA3C5563}.Debug|x86.ActiveCfg = Debug|Any CPU
		{FDF3EA6B-E3C2-43E1-9585-6B2BEA3C5563}.Debug|x86.Build.0 = Debug|Any CPU
		{FDF3EA6B-E3C2-43E1-9585-6B2BEA3C5563}.Release|Any CPU.ActiveCfg = Release|Any CPU
		{FDF3EA6B-E3C2-43E1-9585-6B2BEA3C5563}.Release|Any CPU.Build.0 = Release|Any CPU
		{FDF3EA6B-E3C2-43E1-9585-6B2BEA3C5563}.Release|x64.ActiveCfg = Release|Any CPU
		{FDF3EA6B-E3C2-43E1-9585-6B2BEA3C5563}.Release|x64.Build.0 = Release|Any CPU
		{FDF3EA6B-E3C2-43E1-9585-6B2BEA3C5563}.Release|x86.ActiveCfg = Release|Any CPU
		{FDF3EA6B-E3C2-43E1-9585-6B2BEA3C5563}.Release|x86.Build.0 = Release|Any CPU
		{E5B3C4D5-F6A7-4891-BCDE-F12345678902}.Debug|Any CPU.ActiveCfg = Debug|Any CPU
		{E5B3C4D5-F6A7-4891-BCDE-F12345678902}.Debug|Any CPU.Build.0 = Debug|Any CPU
		{E5B3C4D5-F6A7-4891-BCDE-F12345678902}.Debug|x64.ActiveCfg = Debug|Any CPU
		{E5B3C4D5-F6A7-4891-BCDE-F12345678902}.Debug|x64.Build.0 = Debug|Any CPU
		{E5B3C4D5-F6A7-4891-BCDE-F12345678902}.Debug|x86.ActiveCfg = Debug|Any CPU
		{E5B3C4D5-F6A7-4891-BCDE-F12345678902}.Debug|x86.Build.0 = Debug|Any CPU
		{E5B3C4D5-F6A7-4891-BCDE-F12345678902}.Release|Any CPU.ActiveCfg = Release|Any CPU
		{E5B3C4D5-F6A7-4891-BCDE-F12345678902}.Release|Any CPU.Build.0 = Release|Any CPU
		{E5B3C4D5-F6A7-4891-BCDE-F12345678902}.Release|x64.ActiveCfg = Release|Any CPU
		{E5B3C4D5-F6A7-4891-BCDE-F12345678902}.Release|x64.Build.0 = Release|Any CPU
		{E5B3C4D5-F6A7-4891-BCDE-F12345678902}.Release|x86.ActiveCfg = Release|Any CPU
		{E5B3C4D5-F6A7-4891-BCDE-F12345678902}.Release|x86.Build.0 = Release|Any CPU
	EndGlobalSection
	GlobalSection(SolutionProperties) = preSolution
		HideSolutionNode = FALSE
	EndGlobalSection
	GlobalSection(NestedProjects) = preSolution
		{A29EC397-27BB-4E0C-8D7A-EC492F68C87F} = {827E0CD3-B72D-47B6-A68D-7590B98EB39B}
		{C40F203D-E444-4889-A921-5D645CE8F2A2} = {827E0CD3-B72D-47B6-A68D-7590B98EB39B}
		{FDF3EA6B-E3C2-43E1-9585-6B2BEA3C5563} = {827E0CD3-B72D-47B6-A68D-7590B98EB39B}
		{E5B3C4D5-F6A7-4891-BCDE-F12345678902} = {827E0CD3-B72D-47B6-A68D-7590B98EB39B}
	EndGlobalSection
EndGlobal
